{
  "name": "react-mesto-api-full",
  "lockfileVersion": 2,
  "requires": true,
  "packages": {
    "": {
      "dependencies": {
        "cookie-reader": "^0.0.7"
      }
    },
    "node_modules/cookie-reader": {
      "version": "0.0.7",
      "resolved": "https://registry.npmjs.org/cookie-reader/-/cookie-reader-0.0.7.tgz",
      "integrity": "sha512-UMdI60rqhKdryvMOJqFLD9gofwBKfFac0qePIaq3aAABIRzpKGu03piAmPAll3Jc8XuJBfImJvKqpzXCPzNdKg=="
    }
  },
  "dependencies": {
    "cookie-reader": {
      "version": "0.0.7",
      "resolved": "https://registry.npmjs.org/cookie-reader/-/cookie-reader-0.0.7.tgz",
      "integrity": "sha512-UMdI60rqhKdryvMOJqFLD9gofwBKfFac0qePIaq3aAABIRzpKGu03piAmPAll3Jc8XuJBfImJvKqpzXCPzNdKg=="
    }
  }
}
